<?xml version="1.0" encoding="utf-8"?>
<Project ToolsVersion="4.0" xmlns="http://schemas.microsoft.com/developer/msbuild/2003">
  <ItemGroup>
    <Filter Include="Source Files">
      <UniqueIdentifier>{438c6cd5-98fd-4ed0-ae5a-9f8899840725}</UniqueIdentifier>
      <Extensions>cpp;c;cxx;rc;def;r;odl;idl;hpj;bat</Extensions>
    </Filter>
    <Filter Include="Header Files">
      <UniqueIdentifier>{8e505751-1629-4f51-b5f2-3a6675552ff3}</UniqueIdentifier>
      <Extensions>h;hpp;hxx;hm;inl</Extensions>
    </Filter>
    <Filter Include="Resource Files">
      <UniqueIdentifier>{08e21a42-870d-4ffe-a4cb-b238249564e4}</UniqueIdentifier>
      <Extensions>ico;cur;bmp;dlg;rc2;rct;bin;rgs;gif;jpg;jpeg;jpe</Extensions>
    </Filter>
  </ItemGroup>
  <ItemGroup>
    <ClCompile Include="Frendi.cpp">
      <Filter>Source Files</Filter>
    </ClCompile>
    <ClCompile Include="hyva.cpp">
      <Filter>Source Files</Filter>
    </ClCompile>
    <ClCompile Include="Luokka.cpp">
      <Filter>Source Files</Filter>
    </ClCompile>
    <ClCompile Include="CToinenLuokka.cpp">
      <Filter>Source Files</Filter>
    </ClCompile>
  </ItemGroup>
  <ItemGroup>
    <ClInclude Include="Frendi.h">
      <Filter>Header Files</Filter>
    </ClInclude>
    <ClInclude Include="Luokka.h">
      <Filter>Header Files</Filter>
    </ClInclude>
    <ClInclude Include="CToinenLuokka.h">
      <Filter>Header Files</Filter>
    </ClInclude>
  </ItemGroup>
</Project>