
Microsoft Visual Studio Solution File, Format Version 12.00
# Visual Studio Version 16
VisualStudioVersion = 16.0.31624.102
MinimumVisualStudioVersion = 10.0.40219.1
Project("{8BC9CEB8-8B4A-11D0-8D11-00A0C91BC942}") = "tunnit 13.9 osoittimet2", "tunnit 13.9 osoittimet2\tunnit 13.9 osoittimet2.vcxproj", "{3AB2289B-DE18-4F4F-97EF-07B715A94681}"
EndProject
Global
	GlobalSection(SolutionConfigurationPlatforms) = preSolution
		Debug|x64 = Debug|x64
		Debug|x86 = Debug|x86
		Release|x64 = Release|x64
		Release|x86 = Release|x86
	EndGlobalSection
	GlobalSection(ProjectConfigurationPlatforms) = postSolution
		{3AB2289B-DE18-4F4F-97EF-07B715A94681}.Debug|x64.ActiveCfg = Debug|x64
		{3AB2289B-DE18-4F4F-97EF-07B715A94681}.Debug|x64.Build.0 = Debug|x64
		{3AB2289B-DE18-4F4F-97EF-07B715A94681}.Debug|x86.ActiveCfg = Debug|Win32
		{3AB2289B-DE18-4F4F-97EF-07B715A94681}.Debug|x86.Build.0 = Debug|Win32
		{3AB2289B-DE18-4F4F-97EF-07B715A94681}.Release|x64.ActiveCfg = Release|x64
		{3AB2289B-DE18-4F4F-97EF-07B715A94681}.Release|x64.Build.0 = Release|x64
		{3AB2289B-DE18-4F4F-97EF-07B715A94681}.Release|x86.ActiveCfg = Release|Win32
		{3AB2289B-DE18-4F4F-97EF-07B715A94681}.Release|x86.Build.0 = Release|Win32
	EndGlobalSection
	GlobalSection(SolutionProperties) = preSolution
		HideSolutionNode = FALSE
	EndGlobalSection
	GlobalSection(ExtensibilityGlobals) = postSolution
		SolutionGuid = {86E9E242-8818-4F51-9D9E-24E24F5A39EF}
	EndGlobalSection
EndGlobal
